
Microsoft Visual Studio Solution File, Format Version 12.00
# Visual Studio Version 16
VisualStudioVersion = 16.0.30907.101
MinimumVisualStudioVersion = 10.0.40219.1
Project("{FAE04EC0-301F-11D3-BF4B-00C04F79EFBC}") = "PE13", "PE13.csproj", "{78EC83D2-59F6-4956-BDA4-1483EA0DD472}"
EndProject
Global
	GlobalSection(SolutionConfigurationPlatforms) = preSolution
		Debug|Any CPU = Debug|Any CPU
		Release|Any CPU = Release|Any CPU
	EndGlobalSection
	GlobalSection(ProjectConfigurationPlatforms) = postSolution
		{78EC83D2-59F6-4956-BDA4-1483EA0DD472}.Debug|Any CPU.ActiveCfg = Debug|Any CPU
		{78EC83D2-59F6-4956-BDA4-1483EA0DD472}.Debug|Any CPU.Build.0 = Debug|Any CPU
		{78EC83D2-59F6-4956-BDA4-1483EA0DD472}.Release|Any CPU.ActiveCfg = Release|Any CPU
		{78EC83D2-59F6-4956-BDA4-1483EA0DD472}.Release|Any CPU.Build.0 = Release|Any CPU
	EndGlobalSection
	GlobalSection(SolutionProperties) = preSolution
		HideSolutionNode = FALSE
	EndGlobalSection
	GlobalSection(ExtensibilityGlobals) = postSolution
		SolutionGuid = {32226F2A-DFED-4652-A984-6A7CAEEBF0C0}
	EndGlobalSection
EndGlobal
