
Microsoft Visual Studio Solution File, Format Version 12.00
# Visual Studio Version 16
VisualStudioVersion = 16.0.30907.101
MinimumVisualStudioVersion = 10.0.40219.1
Project("{FAE04EC0-301F-11D3-BF4B-00C04F79EFBC}") = "PE3_Exercise", "PE3_Exercise.csproj", "{F056D9CF-295A-4D4A-8233-5459C9470FC4}"
EndProject
Global
	GlobalSection(SolutionConfigurationPlatforms) = preSolution
		Debug|Any CPU = Debug|Any CPU
		Release|Any CPU = Release|Any CPU
	EndGlobalSection
	GlobalSection(ProjectConfigurationPlatforms) = postSolution
		{F056D9CF-295A-4D4A-8233-5459C9470FC4}.Debug|Any CPU.ActiveCfg = Debug|Any CPU
		{F056D9CF-295A-4D4A-8233-5459C9470FC4}.Debug|Any CPU.Build.0 = Debug|Any CPU
		{F056D9CF-295A-4D4A-8233-5459C9470FC4}.Release|Any CPU.ActiveCfg = Release|Any CPU
		{F056D9CF-295A-4D4A-8233-5459C9470FC4}.Release|Any CPU.Build.0 = Release|Any CPU
	EndGlobalSection
	GlobalSection(SolutionProperties) = preSolution
		HideSolutionNode = FALSE
	EndGlobalSection
	GlobalSection(ExtensibilityGlobals) = postSolution
		SolutionGuid = {D4121FBB-8012-4D45-BE56-A0C8CD502612}
	EndGlobalSection
EndGlobal
