
Microsoft Visual Studio Solution File, Format Version 12.00
# Visual Studio Version 16
VisualStudioVersion = 16.0.30907.101
MinimumVisualStudioVersion = 10.0.40219.1
Project("{FAE04EC0-301F-11D3-BF4B-00C04F79EFBC}") = "UnitTest2Question9", "UnitTest2Question9.csproj", "{805B21D4-48AE-4FEC-83ED-6F82C3771671}"
EndProject
Global
	GlobalSection(SolutionConfigurationPlatforms) = preSolution
		Debug|Any CPU = Debug|Any CPU
		Release|Any CPU = Release|Any CPU
	EndGlobalSection
	GlobalSection(ProjectConfigurationPlatforms) = postSolution
		{805B21D4-48AE-4FEC-83ED-6F82C3771671}.Debug|Any CPU.ActiveCfg = Debug|Any CPU
		{805B21D4-48AE-4FEC-83ED-6F82C3771671}.Debug|Any CPU.Build.0 = Debug|Any CPU
		{805B21D4-48AE-4FEC-83ED-6F82C3771671}.Release|Any CPU.ActiveCfg = Release|Any CPU
		{805B21D4-48AE-4FEC-83ED-6F82C3771671}.Release|Any CPU.Build.0 = Release|Any CPU
	EndGlobalSection
	GlobalSection(SolutionProperties) = preSolution
		HideSolutionNode = FALSE
	EndGlobalSection
	GlobalSection(ExtensibilityGlobals) = postSolution
		SolutionGuid = {DEFCBD55-8248-420B-88D5-B245CC79E4E8}
	EndGlobalSection
EndGlobal
