
Microsoft Visual Studio Solution File, Format Version 12.00
# Visual Studio Version 16
VisualStudioVersion = 16.0.30907.101
MinimumVisualStudioVersion = 10.0.40219.1
Project("{FAE04EC0-301F-11D3-BF4B-00C04F79EFBC}") = "JsonHTML", "JsonHTML.csproj", "{7F47D524-4442-40D2-AB90-F4A35BDD45D5}"
EndProject
Global
	GlobalSection(SolutionConfigurationPlatforms) = preSolution
		Debug|Any CPU = Debug|Any CPU
		Release|Any CPU = Release|Any CPU
	EndGlobalSection
	GlobalSection(ProjectConfigurationPlatforms) = postSolution
		{7F47D524-4442-40D2-AB90-F4A35BDD45D5}.Debug|Any CPU.ActiveCfg = Debug|Any CPU
		{7F47D524-4442-40D2-AB90-F4A35BDD45D5}.Debug|Any CPU.Build.0 = Debug|Any CPU
		{7F47D524-4442-40D2-AB90-F4A35BDD45D5}.Release|Any CPU.ActiveCfg = Release|Any CPU
		{7F47D524-4442-40D2-AB90-F4A35BDD45D5}.Release|Any CPU.Build.0 = Release|Any CPU
	EndGlobalSection
	GlobalSection(SolutionProperties) = preSolution
		HideSolutionNode = FALSE
	EndGlobalSection
	GlobalSection(ExtensibilityGlobals) = postSolution
		SolutionGuid = {32975847-C1B9-4FFB-A053-D6BAA342CD30}
	EndGlobalSection
EndGlobal
