
Microsoft Visual Studio Solution File, Format Version 12.00
# Visual Studio Version 16
VisualStudioVersion = 16.0.30907.101
MinimumVisualStudioVersion = 10.0.40219.1
Project("{FAE04EC0-301F-11D3-BF4B-00C04F79EFBC}") = "delgateFunction", "delgateFunction.csproj", "{CBD38369-8A1B-4FA9-9D44-E9A24408CFE9}"
EndProject
Global
	GlobalSection(SolutionConfigurationPlatforms) = preSolution
		Debug|Any CPU = Debug|Any CPU
		Release|Any CPU = Release|Any CPU
	EndGlobalSection
	GlobalSection(ProjectConfigurationPlatforms) = postSolution
		{CBD38369-8A1B-4FA9-9D44-E9A24408CFE9}.Debug|Any CPU.ActiveCfg = Debug|Any CPU
		{CBD38369-8A1B-4FA9-9D44-E9A24408CFE9}.Debug|Any CPU.Build.0 = Debug|Any CPU
		{CBD38369-8A1B-4FA9-9D44-E9A24408CFE9}.Release|Any CPU.ActiveCfg = Release|Any CPU
		{CBD38369-8A1B-4FA9-9D44-E9A24408CFE9}.Release|Any CPU.Build.0 = Release|Any CPU
	EndGlobalSection
	GlobalSection(SolutionProperties) = preSolution
		HideSolutionNode = FALSE
	EndGlobalSection
	GlobalSection(ExtensibilityGlobals) = postSolution
		SolutionGuid = {C263395A-71EB-461A-8C8B-812C9604D34C}
	EndGlobalSection
EndGlobal
