
Microsoft Visual Studio Solution File, Format Version 12.00
# Visual Studio Version 16
VisualStudioVersion = 16.0.30907.101
MinimumVisualStudioVersion = 10.0.40219.1
Project("{FAE04EC0-301F-11D3-BF4B-00C04F79EFBC}") = "PE16", "PE16.csproj", "{8C0E3754-5CF9-4EAF-B7D9-ADFC2DE3C0F9}"
EndProject
Global
	GlobalSection(SolutionConfigurationPlatforms) = preSolution
		Debug|Any CPU = Debug|Any CPU
		Release|Any CPU = Release|Any CPU
	EndGlobalSection
	GlobalSection(ProjectConfigurationPlatforms) = postSolution
		{8C0E3754-5CF9-4EAF-B7D9-ADFC2DE3C0F9}.Debug|Any CPU.ActiveCfg = Debug|Any CPU
		{8C0E3754-5CF9-4EAF-B7D9-ADFC2DE3C0F9}.Debug|Any CPU.Build.0 = Debug|Any CPU
		{8C0E3754-5CF9-4EAF-B7D9-ADFC2DE3C0F9}.Release|Any CPU.ActiveCfg = Release|Any CPU
		{8C0E3754-5CF9-4EAF-B7D9-ADFC2DE3C0F9}.Release|Any CPU.Build.0 = Release|Any CPU
	EndGlobalSection
	GlobalSection(SolutionProperties) = preSolution
		HideSolutionNode = FALSE
	EndGlobalSection
	GlobalSection(ExtensibilityGlobals) = postSolution
		SolutionGuid = {2BD77D9A-A3FB-45E8-8CFE-B7A4838A1E29}
	EndGlobalSection
EndGlobal
